Microsoft Visual Studio Solution File, Format Version 12.00
# Visual Studio Version 18
VisualStudioVersion = 18.0.0.0
MinimumVisualStudioVersion = 10.0.40219.1
Project("{9A19103F-16F7-4668-BE54-9A1E7A4F7556F}") = "UserLayer", "UserLayer\UserLayer.csproj", "{0B1E9E7A-6D1B-42F0-9B2C-F0B2F4E87101}"
EndProject
Project("{9A19103F-16F7-4668-BE54-9A1E7A4F7556F}") = "AdminLayer", "AdminLayer\AdminLayer.csproj", "{DD3042D9-E086-4EBF-84B9-CE381696B1E6}"
EndProject
Project("{9A19103F-16F7-4668-BE54-9A1E7A4F7556F}") = "BusinessLayer", "BusinessLayer\BusinessLayer.csproj", "{6760CE8B-B314-4290-8657-545E03BDF307}"
EndProject
Project("{9A19103F-16F7-4668-BE54-9A1E7A4F7556F}") = "DataLayer", "DataLayer\DataLayer.csproj", "{5DDDB670-5CD0-42CD-A15C-6C09824FDB35}"
EndProject
Project("{9A19103F-16F7-4668-BE54-9A1E7A4F7556F}") = "SharedLayer", "SharedLayer\SharedLayer.csproj", "{58C74603-31D1-409E-8F6E-0D54F88266EE}"
EndProject
Global
	GlobalSection(SolutionConfigurationPlatforms) = preSolution
		Debug|Any CPU = Debug|Any CPU
		Release|Any CPU = Release|Any CPU
	EndGlobalSection
	GlobalSection(ProjectConfigurationPlatforms) = postSolution
		{0B1E9E7A-6D1B-42F0-9B2C-F0B2F4E87101}.Debug|Any CPU.ActiveCfg = Debug|Any CPU
		{0B1E9E7A-6D1B-42F0-9B2C-F0B2F4E87101}.Debug|Any CPU.Build.0 = Debug|Any CPU
		{0B1E9E7A-6D1B-42F0-9B2C-F0B2F4E87101}.Release|Any CPU.ActiveCfg = Release|Any CPU
		{0B1E9E7A-6D1B-42F0-9B2C-F0B2F4E87101}.Release|Any CPU.Build.0 = Release|Any CPU
		{DD3042D9-E086-4EBF-84B9-CE381696B1E6}.Debug|Any CPU.ActiveCfg = Debug|Any CPU
		{DD3042D9-E086-4EBF-84B9-CE381696B1E6}.Debug|Any CPU.Build.0 = Debug|Any CPU
		{DD3042D9-E086-4EBF-84B9-CE381696B1E6}.Release|Any CPU.ActiveCfg = Release|Any CPU
		{DD3042D9-E086-4EBF-84B9-CE381696B1E6}.Release|Any CPU.Build.0 = Release|Any CPU
		{6760CE8B-B314-4290-8657-545E03BDF307}.Debug|Any CPU.ActiveCfg = Debug|Any CPU
		{6760CE8B-B314-4290-8657-545E03BDF307}.Debug|Any CPU.Build.0 = Debug|Any CPU
		{6760CE8B-B314-4290-8657-545E03BDF307}.Release|Any CPU.ActiveCfg = Release|Any CPU
		{6760CE8B-B314-4290-8657-545E03BDF307}.Release|Any CPU.Build.0 = Release|Any CPU
		{5DDDB670-5CD0-42CD-A15C-6C09824FDB35}.Debug|Any CPU.ActiveCfg = Debug|Any CPU
		{5DDDB670-5CD0-42CD-A15C-6C09824FDB35}.Debug|Any CPU.Build.0 = Debug|Any CPU
		{5DDDB670-5CD0-42CD-A15C-6C09824FDB35}.Release|Any CPU.ActiveCfg = Release|Any CPU
		{5DDDB670-5CD0-42CD-A15C-6C09824FDB35}.Release|Any CPU.Build.0 = Release|Any CPU
		{58C74603-31D1-409E-8F6E-0D54F88266EE}.Debug|Any CPU.ActiveCfg = Debug|Any CPU
		{58C74603-31D1-409E-8F6E-0D54F88266EE}.Debug|Any CPU.Build.0 = Debug|Any CPU
		{58C74603-31D1-409E-8F6E-0D54F88266EE}.Release|Any CPU.ActiveCfg = Release|Any CPU
		{58C74603-31D1-409E-8F6E-0D54F88266EE}.Release|Any CPU.Build.0 = Release|Any CPU
	EndGlobalSection
	GlobalSection(SolutionProperties) = preSolution
		HideSolutionNode = FALSE
	EndGlobalSection
EndGlobal